#MicroXplorer Configuration settings - do not modify
Dma.USART2_TX.7.MemInc=DMA_MINC_ENABLE
Dma.SPI2_TX.2.PeriphInc=DMA_PINC_DISABLE
Dma.SPI2_TX.2.MemInc=DMA_MINC_ENABLE
FREERTOS.Queues01=LineQueue,16,uint32_t,0,Dynamic,NULL,NULL
PB13.GPIOParameters=GPIO_Speed,GPIO_Label
Dma.USART2_TX.7.Priority=DMA_PRIORITY_LOW
RCC.USART1Freq_Value=80000000
VP_SYS_VS_tim6.Mode=TIM6
Dma.SPI1_TX.0.PeriphInc=DMA_PINC_DISABLE
USART2.IPParameters=VirtualMode-Asynchronous
I2C1.I2C_Speed_Mode=I2C_Fast
SPI1.VirtualType=VM_MASTER
SPI2.VirtualType=VM_MASTER
PB10.Mode=I2C
NVIC.TIM6_DAC_IRQn=true\:0\:0\:false\:false\:true\:false\:false\:true
PC12.Locked=true
PC12.Signal=GPIO_Input
PA3.GPIO_PuPd=GPIO_NOPULL
Dma.USART2_RX.6.MemDataAlignment=DMA_MDATAALIGN_BYTE
PC1.GPIO_PuPdOD=GPIO_PULLUP
PC0.GPIO_PuPdOD=GPIO_PULLUP
PA3.GPIOParameters=GPIO_Speed,GPIO_PuPd,GPIO_Label,GPIO_Mode
PA6.GPIO_Label=SPI1_MISO
PB6.GPIO_Label=I2C4_SCL
PC15-OSC32_OUT\ (PC15).Mode=LSE-External-Oscillator
Dma.I2C4_RX.5.MemDataAlignment=DMA_MDATAALIGN_BYTE
Dma.SPI2_RX.1.Mode=DMA_NORMAL
PA3.GPIO_Speed=GPIO_SPEED_FREQ_VERY_HIGH
PB3\ (JTDO/TRACESWO).GPIOParameters=GPIO_Speed,GPIO_Label
PB13.Signal=SPI2_SCK
PB3\ (JTDO/TRACESWO).GPIO_Speed=GPIO_SPEED_FREQ_HIGH
PA2.GPIOParameters=GPIO_Speed,GPIO_PuPd,GPIO_Label,GPIO_Mode
PinOutPanel.RotationAngle=0
Dma.I2C1_RX.3.Priority=DMA_PRIORITY_LOW
PC3.GPIO_Speed=GPIO_SPEED_FREQ_HIGH
RCC.MCO1PinFreq_Value=80000000
RCC.SYSCLKSource=RCC_SYSCLKSOURCE_PLLCLK
PC14-OSC32_IN\ (PC14).Mode=LSE-External-Oscillator
SH.GPXTI13.0=GPIO_EXTI13
Dma.USART2_RX.6.Direction=DMA_PERIPH_TO_MEMORY
Dma.I2C3_RX.4.RequestParameters=Instance,Direction,PeriphInc,MemInc,PeriphDataAlignment,MemDataAlignment,Mode,Priority
NVIC.DMA1_Channel3_IRQn=true\:5\:0\:false\:false\:true\:true\:false\:true
RCC.LPTIM1Freq_Value=80000000
Dma.SPI2_RX.1.PeriphDataAlignment=DMA_PDATAALIGN_BYTE
NVIC.SVCall_IRQn=true\:0\:0\:false\:false\:false\:false\:true\:false
PA14\ (JTCK/SWCLK).Signal=SYS_JTCK-SWCLK
I2C4.Timing=0x00702991
SPI1.Direction=SPI_DIRECTION_2LINES
RCC.I2C4Freq_Value=80000000
I2C2.I2C_Speed_Mode=I2C_Fast
RCC.APB2TimFreq_Value=80000000
PB6.Signal=I2C4_SCL
PB6.Mode=I2C
SPI1.CalculateBaudRate=40.0 MBits/s
Dma.USART2_RX.6.Instance=DMA1_Channel6
PC3.Signal=SPI2_MOSI
Dma.USART2_RX.6.RequestParameters=Instance,Direction,PeriphInc,MemInc,PeriphDataAlignment,MemDataAlignment,Mode,Priority
PA1.GPIO_PuPd=GPIO_PULLUP
RCC.PREFETCH_ENABLE=1
PB13.Locked=true
Dma.I2C1_RX.3.Mode=DMA_NORMAL
RCC.USART3Freq_Value=80000000
NVIC.EXTI15_10_IRQn=true\:5\:0\:false\:false\:true\:true\:true\:true
ProjectManager.ProjectBuild=false
NVIC.UsageFault_IRQn=true\:0\:0\:false\:false\:true\:false\:true\:false
PA0.Locked=true
PB2.Signal=GPIO_Output
PA8.Locked=true
PA4.Locked=true
ProjectManager.FirmwarePackage=STM32Cube FW_L4 V1.17.0
MxDb.Version=DB.6.0.20
PB0.GPIOParameters=PinState,GPIO_Label
PA13\ (JTMS/SWDIO).GPIO_Label=TMS
PA1.GPIOParameters=GPIO_Speed,PinState,GPIO_PuPd,GPIO_Label
ProjectManager.BackupPrevious=false
NVIC.DMA2_Channel4_IRQn=true\:5\:0\:false\:false\:true\:true\:false\:true
SPI1.DataSize=SPI_DATASIZE_8BIT
SPI2.CalculateBaudRate=40.0 MBits/s
Dma.I2C4_RX.5.Instance=DMA2_Channel1
PA8.Signal=GPIO_Output
PA14\ (JTCK/SWCLK).Mode=Serial_Wire
RCC.PLLRCLKFreq_Value=80000000
PB6.Locked=true
NVIC.PendSV_IRQn=true\:15\:0\:false\:false\:false\:true\:true\:false
PA13\ (JTMS/SWDIO).Locked=true
VP_FREERTOS_VS_CMSIS_V1.Mode=CMSIS_V1
PB6.GPIO_PuPdOD=GPIO_PULLUP
ProjectManager.HalAssertFull=false
PA0.Signal=GPXTI0
Dma.SPI1_TX.0.Mode=DMA_NORMAL
PC8.GPIOParameters=GPIO_Label
Mcu.Package=LQFP64
PB9.Signal=GPIO_Output
PA5.Locked=true
NVIC.TimeBase=TIM6_DAC_IRQn
SPI2.Mode=SPI_MODE_MASTER
PA14\ (JTCK/SWCLK).Locked=true
Dma.SPI2_TX.2.Mode=DMA_NORMAL
NVIC.TimeBaseIP=TIM6
RCC.LSCOPinFreq_Value=32000
PA10.Signal=I2C1_SDA
PB9.GPIO_PuPd=GPIO_PULLUP
Dma.I2C4_RX.5.PeriphDataAlignment=DMA_PDATAALIGN_BYTE
FREERTOS.FootprintOK=true
RCC.DFSDMFreq_Value=80000000
PA5.GPIOParameters=GPIO_Speed,GPIO_Label
PA1.PinState=GPIO_PIN_SET
Dma.SPI2_RX.1.Instance=DMA1_Channel4
PB5.GPIO_Speed=GPIO_SPEED_FREQ_HIGH
Dma.USART2_TX.7.PeriphDataAlignment=DMA_PDATAALIGN_BYTE
PA14\ (JTCK/SWCLK).GPIO_Label=TCK
RCC.PLLPoutputFreq_Value=22857142.85714286
RCC.APB1TimFreq_Value=80000000
NVIC.BusFault_IRQn=true\:0\:0\:false\:false\:true\:false\:true\:false
RCC.LPUART1Freq_Value=80000000
PB13.Mode=Full_Duplex_Master
PB10.GPIOParameters=GPIO_PuPdOD,GPIO_Label
NVIC.DMA1_Channel4_IRQn=true\:5\:0\:false\:false\:true\:true\:false\:true
PA6.GPIO_Speed=GPIO_SPEED_FREQ_HIGH
Dma.I2C4_RX.5.Mode=DMA_NORMAL
PA4.GPIO_Label=nENP3B
Dma.USART2_TX.7.Instance=DMA1_Channel7
ProjectManager.CustomerFirmwarePackage=
RCC.HSI48_VALUE=48000000
Dma.I2C1_RX.3.MemDataAlignment=DMA_MDATAALIGN_BYTE
PA5.Mode=Full_Duplex_Master
PA2.GPIO_Mode=GPIO_MODE_AF_PP
PA6.GPIOParameters=GPIO_Speed,GPIO_Label
NVIC.DMA1_Channel6_IRQn=true\:5\:0\:false\:false\:true\:true\:false\:true
RCC.PLLQoutputFreq_Value=80000000
ProjectManager.ProjectFileName=L452-WeighingStation.ioc
I2C4.I2C_Speed_Mode=I2C_Fast
FREERTOS.Tasks01=defaultTask,0,128,StartDefaultTask,Default,NULL,Dynamic,NULL,NULL;WriteLineTask,-3,1024,StartWriteLineTask,Default,NULL,Dynamic,NULL,NULL;ReadI2C1Task,-3,128,StartReadI2C1Task,Default,NULL,Dynamic,NULL,NULL;ReadI2C2Task,-3,128,StartReadI2C2Task,Default,NULL,Dynamic,NULL,NULL;ReadI2C3Task,-3,128,StartReadI2C3Task,Default,NULL,Dynamic,NULL,NULL;ReadI2C4Task,-3,128,StartReadI2C4Task,Default,NULL,Dynamic,NULL,NULL;ShowWeightTask,-3,128,StartShowWeightTask,Default,NULL,Dynamic,NULL,NULL;DebugTask,-3,1024,StartDebugTask,Default,NULL,Dynamic,NULL,NULL
Dma.I2C3_RX.4.Mode=DMA_NORMAL
Mcu.PinsNb=38
PC11.Locked=true
Dma.I2C4_RX.5.Priority=DMA_PRIORITY_LOW
FREERTOS.INCLUDE_xTaskGetCurrentTaskHandle=1
PC13.Locked=true
PA9.GPIO_Label=I2C1_SCL
PC13.Signal=GPXTI13
RCC.SWPMI1Freq_Value=80000000
FREERTOS.configCHECK_FOR_STACK_OVERFLOW=2
PB10.GPIO_PuPdOD=GPIO_PULLUP
PB11.GPIO_PuPdOD=GPIO_PULLUP
PC2.Signal=SPI2_MISO
PB11.GPIO_Label=I2C2_SDA
SH.GPXTI0.ConfNb=1
PC0.Signal=I2C3_SCL
PC11.GPIOParameters=GPIO_Label
Dma.USART2_RX.6.PeriphInc=DMA_PINC_DISABLE
PC3.GPIOParameters=GPIO_Speed,GPIO_Label
PA3.Mode=Asynchronous
Dma.USART2_RX.6.MemInc=DMA_MINC_ENABLE
Dma.USART2_RX.6.Mode=DMA_CIRCULAR
PA8.GPIO_Label=nENP1A
Dma.SPI1_TX.0.RequestParameters=Instance,Direction,PeriphInc,MemInc,PeriphDataAlignment,MemDataAlignment,Mode,Priority
Dma.I2C3_RX.4.MemInc=DMA_MINC_ENABLE
PB11.Mode=I2C
Dma.I2C3_RX.4.MemDataAlignment=DMA_MDATAALIGN_BYTE
Dma.I2C4_RX.5.PeriphInc=DMA_PINC_DISABLE
VP_CRC_VS_CRC.Signal=CRC_VS_CRC
PA9.Signal=I2C1_SCL
I2C1.Timing=0x00702991
PB13.GPIO_Speed=GPIO_SPEED_FREQ_HIGH
PB11.GPIOParameters=GPIO_PuPdOD,GPIO_Label
PB5.Locked=true
PB9.Locked=true
NVIC.I2C2_ER_IRQn=true\:5\:0\:false\:false\:true\:true\:true\:true
RCC.PLLSAI1PoutputFreq_Value=18285714.285714287
PB10.Signal=I2C2_SCL
PA5.Signal=SPI1_SCK
ProjectManager.LastFirmware=true
PA7.GPIO_Speed=GPIO_SPEED_FREQ_HIGH
NVIC.SPI1_IRQn=true\:5\:0\:false\:false\:true\:true\:true\:true
VP_SYS_VS_tim6.Signal=SYS_VS_tim6
Mcu.Pin37=VP_SYS_VS_tim6
Mcu.Pin35=VP_CRC_VS_CRC
RCC.I2C1Freq_Value=80000000
Mcu.Pin36=VP_FREERTOS_VS_CMSIS_V1
SPI1.Mode=SPI_MODE_MASTER
RCC.RNGFreq_Value=64000000
PC2.GPIOParameters=GPIO_Speed,GPIO_Label
Mcu.Pin30=PB3 (JTDO/TRACESWO)
PA1.GPIO_Label=DISP_NRESET
Mcu.Pin33=PB7
Mcu.Pin34=PB9
Mcu.Pin31=PB5
Mcu.Pin32=PB6
Dma.SPI1_TX.0.Instance=DMA2_Channel4
PA9.Locked=true
NVIC.NonMaskableInt_IRQn=true\:0\:0\:false\:false\:true\:false\:true\:false
NVIC.DMA2_Channel6_IRQn=true\:5\:0\:false\:false\:true\:true\:false\:true
Dma.USART2_TX.7.Direction=DMA_MEMORY_TO_PERIPH
PC10.GPIOParameters=GPIO_Label
Dma.USART2_TX.7.RequestParameters=Instance,Direction,PeriphInc,MemInc,PeriphDataAlignment,MemDataAlignment,Mode,Priority
PB7.GPIO_PuPdOD=GPIO_PULLUP
ProjectManager.FreePins=false
PC9.GPIOParameters=GPIO_Label
RCC.LPTIM2Freq_Value=80000000
Mcu.Pin26=PA14 (JTCK/SWCLK)
Mcu.Pin27=PC10
SPI1.NSSPMode=SPI_NSS_PULSE_DISABLE
Mcu.Pin24=PA10
ProjectManager.UnderRoot=true
Mcu.Pin25=PA13 (JTMS/SWDIO)
Mcu.Pin28=PC11
Mcu.Pin29=PC12
PA4.Signal=GPIO_Output
Mcu.Pin22=PA8
PB5.Signal=GPIO_Output
Mcu.Pin23=PA9
Mcu.Pin20=PC8
PA3.Locked=true
Mcu.Pin21=PC9
PA5.GPIO_Label=SPI1_SCK
PA10.Locked=true
NVIC.ForceEnableDMAVector=true
PB5.GPIO_PuPd=GPIO_PULLUP
NVIC.MemoryManagement_IRQn=true\:0\:0\:false\:false\:true\:false\:true\:false
PC12.GPIO_Label=JOY_UP
ProjectManager.CompilerOptimize=6
PB9.PinState=GPIO_PIN_SET
NVIC.DMA2_Channel1_IRQn=true\:5\:0\:false\:false\:true\:true\:false\:true
ProjectManager.HeapSize=0x200
Mcu.Pin15=PB0
PA0.GPIOParameters=GPIO_Label
NVIC.HardFault_IRQn=true\:0\:0\:false\:false\:true\:false\:true\:false
Mcu.Pin16=PB2
Dma.I2C3_RX.4.Instance=DMA1_Channel3
Mcu.Pin13=PA6
Mcu.Pin14=PA7
Mcu.Pin19=PB13
ProjectManager.ComputerToolchain=false
Mcu.Pin17=PB10
Mcu.Pin18=PB11
Dma.USART2_TX.7.MemDataAlignment=DMA_MDATAALIGN_BYTE
NVIC.PriorityGroup=NVIC_PRIORITYGROUP_4
Mcu.Pin11=PA4
Mcu.Pin12=PA5
Mcu.Pin10=PA3
PC3.GPIO_Label=SPI2_MOSI
RCC.PWRFreq_Value=80000000
SPI2.DataSize=SPI_DATASIZE_8BIT
RCC.I2C2Freq_Value=80000000
PB0.Signal=GPIO_Output
PA7.GPIOParameters=GPIO_Speed,GPIO_Label
PC0.Locked=true
Dma.SPI2_RX.1.MemInc=DMA_MINC_ENABLE
PC1.Signal=I2C3_SDA
PA13\ (JTMS/SWDIO).Signal=SYS_JTMS-SWDIO
PC1.Mode=I2C
I2C3.I2C_Speed_Mode=I2C_Fast
Mcu.Family=STM32L4
PC3.Mode=Full_Duplex_Master
ProjectManager.MainLocation=Core/Src
PA2.GPIO_PuPd=GPIO_NOPULL
I2C2.IPParameters=Timing,I2C_Speed_Mode
Dma.SPI1_TX.0.MemInc=DMA_MINC_ENABLE
PA6.Mode=Full_Duplex_Master
PA14\ (JTCK/SWCLK).GPIOParameters=GPIO_Label
Dma.SPI2_RX.1.MemDataAlignment=DMA_MDATAALIGN_BYTE
RCC.SAI1Freq_Value=18285714.285714287
RCC.CortexFreq_Value=80000000
NVIC.DMA1_Channel5_IRQn=true\:5\:0\:false\:false\:true\:true\:false\:true
Dma.SPI2_RX.1.RequestParameters=Instance,Direction,PeriphInc,MemInc,PeriphDataAlignment,MemDataAlignment,Mode,Priority
Dma.I2C1_RX.3.Direction=DMA_PERIPH_TO_MEMORY
ProjectManager.KeepUserCode=true
Mcu.UserName=STM32L452RETx
Dma.I2C1_RX.3.RequestParameters=Instance,Direction,PeriphInc,MemInc,PeriphDataAlignment,MemDataAlignment,Mode,Priority
PC10.Locked=true
PC10.Signal=GPIO_Input
RCC.PLLSAI1RoutputFreq_Value=64000000
I2C2.Timing=0x00702991
PA0.GPIO_Label=DISP_TE
ProjectManager.functionlistsort=1-MX_GPIO_Init-GPIO-false-HAL-true,2-MX_DMA_Init-DMA-false-HAL-true,3-SystemClock_Config-RCC-false-HAL-false,4-MX_USART2_UART_Init-USART2-false-HAL-true,5-MX_SPI1_Init-SPI1-false-HAL-true,6-MX_SPI2_Init-SPI2-false-HAL-true,7-MX_CRC_Init-CRC-false-HAL-true,8-MX_I2C1_Init-I2C1-false-HAL-true,9-MX_I2C2_Init-I2C2-false-HAL-true,10-MX_I2C3_Init-I2C3-false-HAL-true,11-MX_I2C4_Init-I2C4-false-HAL-true
PC0.GPIOParameters=GPIO_PuPdOD,GPIO_Label
PA9.GPIOParameters=GPIO_PuPdOD,GPIO_Label
PA2.GPIO_Speed=GPIO_SPEED_FREQ_VERY_HIGH
PC0.GPIO_Label=I2C3_SCL
PC9.Locked=true
PB0.GPIO_Label=nENP3A
RCC.USART2Freq_Value=80000000
PC2.GPIO_Speed=GPIO_SPEED_FREQ_HIGH
PC13.GPIO_Label=B1 [Blue PushButton]
PB13.GPIO_Label=SPI2_SCK
PC1.Locked=true
PB11.Signal=I2C2_SDA
Dma.SPI2_RX.1.Direction=DMA_PERIPH_TO_MEMORY
ProjectManager.StackSize=0x400
PB5.GPIOParameters=GPIO_Speed,PinState,GPIO_PuPd,GPIO_Label
RCC.I2C3Freq_Value=80000000
Mcu.IP4=I2C2
Mcu.IP5=I2C3
RCC.FCLKCortexFreq_Value=80000000
I2C1.IPParameters=Timing,I2C_Speed_Mode
Mcu.IP2=FREERTOS
Mcu.IP3=I2C1
Mcu.IP0=CRC
Mcu.IP1=DMA
Mcu.UserConstants=
RCC.VCOSAI1OutputFreq_Value=128000000
Dma.I2C4_RX.5.MemInc=DMA_MINC_ENABLE
PC1.GPIOParameters=GPIO_PuPdOD,GPIO_Label
RCC.SDMMCFreq_Value=64000000
PB0.PinState=GPIO_PIN_SET
SH.GPXTI13.ConfNb=1
Mcu.ThirdPartyNb=0
Dma.USART2_TX.7.PeriphInc=DMA_PINC_DISABLE
RCC.HCLKFreq_Value=80000000
Dma.I2C3_RX.4.Priority=DMA_PRIORITY_LOW
Mcu.IPNb=13
ProjectManager.PreviousToolchain=
PB5.PinState=GPIO_PIN_SET
Dma.SPI2_TX.2.PeriphDataAlignment=DMA_PDATAALIGN_BYTE
PA8.GPIOParameters=PinState,GPIO_Label
FREERTOS.configUSE_MALLOC_FAILED_HOOK=1
Mcu.Pin6=PC3
Mcu.Pin7=PA0
Mcu.Pin8=PA1
Mcu.Pin9=PA2
Dma.SPI2_TX.2.Instance=DMA1_Channel5
FREERTOS.IPParameters=Tasks01,configENABLE_BACKWARD_COMPATIBILITY,configRECORD_STACK_HIGH_ADDRESS,configTOTAL_HEAP_SIZE,configCHECK_FOR_STACK_OVERFLOW,configUSE_MALLOC_FAILED_HOOK,FootprintOK,Queues01,INCLUDE_xTaskGetCurrentTaskHandle
RCC.AHBFreq_Value=80000000
Mcu.Pin0=PC13
Mcu.Pin1=PC14-OSC32_IN (PC14)
GPIO.groupedBy=Group By Peripherals
Mcu.Pin2=PC15-OSC32_OUT (PC15)
Mcu.Pin3=PC0
Mcu.Pin4=PC1
Mcu.Pin5=PC2
I2C3.IPParameters=Timing,I2C_Speed_Mode
RCC.HSE_VALUE=8000000
NVIC.DebugMonitor_IRQn=true\:0\:0\:false\:false\:true\:false\:true\:false
Mcu.IP10=SPI2
USART2.VirtualMode-Asynchronous=VM_ASYNC
NVIC.SysTick_IRQn=true\:15\:0\:false\:false\:false\:true\:true\:true
Mcu.IP12=USART2
Mcu.IP11=SYS
FREERTOS.configENABLE_BACKWARD_COMPATIBILITY=0
RCC.VCOInputFreq_Value=16000000
PC11.GPIO_Label=JOY_RIGHT
File.Version=6
PA10.GPIO_Label=I2C1_SDA
PC13.GPIO_PuPd=GPIO_NOPULL
PB7.Signal=I2C4_SDA
NVIC.SPI2_IRQn=true\:5\:0\:false\:false\:true\:true\:true\:true
Dma.SPI2_TX.2.MemDataAlignment=DMA_MDATAALIGN_BYTE
Dma.RequestsNb=8
PB6.GPIOParameters=GPIO_PuPdOD,GPIO_Label
PB0.Locked=true
FREERTOS.configTOTAL_HEAP_SIZE=65536
ProjectManager.ProjectName=L452-WeighingStation
Dma.I2C4_RX.5.Direction=DMA_PERIPH_TO_MEMORY
PB7.GPIO_Label=I2C4_SDA
Dma.I2C1_RX.3.PeriphInc=DMA_PINC_DISABLE
PA6.Signal=SPI1_MISO
Dma.SPI2_TX.2.Priority=DMA_PRIORITY_LOW
PA10.GPIO_PuPdOD=GPIO_PULLUP
ProjectManager.ToolChainLocation=
PA2.GPIO_Label=USART_TX
RCC.LSI_VALUE=32000
SH.GPXTI0.0=GPIO_EXTI0
PC14-OSC32_IN\ (PC14).Locked=true
I2C3.Timing=0x00702991
PB9.GPIO_Speed=GPIO_SPEED_FREQ_HIGH
PB5.GPIO_Label=SPI1_NCS
Dma.Request2=SPI2_TX
Dma.Request1=SPI2_RX
Dma.Request4=I2C3_RX
Dma.Request3=I2C1_RX
Dma.Request6=USART2_RX
Dma.Request5=I2C4_RX
SPI2.Direction=SPI_DIRECTION_2LINES
Dma.Request7=USART2_TX
Dma.SPI2_TX.2.RequestParameters=Instance,Direction,PeriphInc,MemInc,PeriphDataAlignment,MemDataAlignment,Mode,Priority
Dma.Request0=SPI1_TX
PC2.GPIO_Label=SPI2_MISO
PA8.PinState=GPIO_PIN_SET
PA3.Signal=USART2_RX
Dma.USART2_RX.6.PeriphDataAlignment=DMA_PDATAALIGN_BYTE
PA2.Locked=true
PB3\ (JTDO/TRACESWO).GPIO_Label=SPI1_DCX
RCC.MSI_VALUE=4000000
RCC.PLLSourceVirtual=RCC_PLLSOURCE_HSI
PA7.Mode=Full_Duplex_Master
PA13\ (JTMS/SWDIO).Mode=Serial_Wire
PB9.GPIO_Label=SPI2_NCS
PC10.GPIO_Label=JOY_DOWN
PA10.Mode=I2C
PC9.GPIO_Label=JOY_LEFT
ProjectManager.NoMain=false
SPI1.IPParameters=VirtualType,Mode,Direction,CalculateBaudRate,DataSize,NSSPMode
NVIC.SavedSvcallIrqHandlerGenerated=true
PC11.Signal=GPIO_Input
SPI2.NSSPMode=SPI_NSS_PULSE_DISABLE
PC8.Signal=GPIO_Input
Dma.I2C1_RX.3.PeriphDataAlignment=DMA_PDATAALIGN_BYTE
ProjectManager.DefaultFWLocation=true
PC2.Mode=Full_Duplex_Master
PC15-OSC32_OUT\ (PC15).Signal=RCC_OSC32_OUT
Dma.I2C3_RX.4.PeriphInc=DMA_PINC_DISABLE
ProjectManager.DeletePrevious=true
PB10.Locked=true
RCC.VCOSAI2OutputFreq_Value=128000000
boardIOC=true
PA13\ (JTMS/SWDIO).GPIOParameters=GPIO_Label
NVIC.USART2_IRQn=true\:5\:0\:false\:false\:true\:true\:true\:true
RCC.FamilyName=M
PC0.Mode=I2C
PB9.GPIOParameters=GPIO_Speed,PinState,GPIO_PuPd,GPIO_Label
PC8.GPIO_Label=JOY_CENTER
PC12.GPIOParameters=GPIO_Label
VP_FREERTOS_VS_CMSIS_V1.Signal=FREERTOS_VS_CMSIS_V1
PA9.Mode=I2C
PA4.PinState=GPIO_PIN_SET
PB3\ (JTDO/TRACESWO).Locked=true
FREERTOS.configRECORD_STACK_HIGH_ADDRESS=1
PB3\ (JTDO/TRACESWO).Signal=GPIO_Output
ProjectManager.TargetToolchain=STM32CubeIDE
PB10.GPIO_Label=I2C2_SCL
PA3.GPIO_Mode=GPIO_MODE_AF_PP
Dma.SPI2_TX.2.Direction=DMA_MEMORY_TO_PERIPH
PB7.GPIOParameters=GPIO_PuPdOD,GPIO_Label
Dma.SPI1_TX.0.PeriphDataAlignment=DMA_PDATAALIGN_HALFWORD
Dma.SPI1_TX.0.Direction=DMA_MEMORY_TO_PERIPH
PB2.GPIOParameters=PinState,GPIO_Label
SPI2.IPParameters=VirtualType,Mode,Direction,CalculateBaudRate,DataSize,NSSPMode
ProjectManager.RegisterCallBack=
PC15-OSC32_OUT\ (PC15).Locked=true
RCC.USBFreq_Value=64000000
Dma.USART2_TX.7.Mode=DMA_NORMAL
PA1.Signal=GPIO_Output
board=NUCLEO-L452RE
RCC.VCOOutputFreq_Value=160000000
NVIC.SavedSystickIrqHandlerGenerated=true
RCC.APB2Freq_Value=80000000
RCC.UART4Freq_Value=80000000
MxCube.Version=6.2.0
Dma.SPI2_RX.1.Priority=DMA_PRIORITY_LOW
PC13.GPIOParameters=GPIO_PuPd,GPIO_Label,GPIO_ModeDefaultEXTI
PA1.GPIO_Speed=GPIO_SPEED_FREQ_HIGH
RCC.PLLSAI1QoutputFreq_Value=64000000
RCC.ADCFreq_Value=64000000
PC1.GPIO_Label=I2C3_SDA
PA10.GPIOParameters=GPIO_PuPdOD,GPIO_Label
PA9.GPIO_PuPdOD=GPIO_PULLUP
PA4.GPIOParameters=PinState,GPIO_Label
RCC.UART5Freq_Value=80000000
Dma.I2C3_RX.4.Direction=DMA_PERIPH_TO_MEMORY
RCC.IPParameters=ADCFreq_Value,AHBFreq_Value,APB1Freq_Value,APB1TimFreq_Value,APB2Freq_Value,APB2TimFreq_Value,CortexFreq_Value,DFSDMFreq_Value,FCLKCortexFreq_Value,FamilyName,HCLKFreq_Value,HSE_VALUE,HSI48_VALUE,HSI_VALUE,I2C1Freq_Value,I2C2Freq_Value,I2C3Freq_Value,I2C4Freq_Value,LPTIM1Freq_Value,LPTIM2Freq_Value,LPUART1Freq_Value,LSCOPinFreq_Value,LSI_VALUE,MCO1PinFreq_Value,MSI_VALUE,PLLN,PLLPoutputFreq_Value,PLLQoutputFreq_Value,PLLRCLKFreq_Value,PLLSAI1PoutputFreq_Value,PLLSAI1QoutputFreq_Value,PLLSAI1RoutputFreq_Value,PLLSourceVirtual,PREFETCH_ENABLE,PWRFreq_Value,RNGFreq_Value,SAI1Freq_Value,SDMMCFreq_Value,SWPMI1Freq_Value,SYSCLKFreq_VALUE,SYSCLKSource,UART4Freq_Value,UART5Freq_Value,USART1Freq_Value,USART2Freq_Value,USART3Freq_Value,USBFreq_Value,VCOInputFreq_Value,VCOOutputFreq_Value,VCOSAI1OutputFreq_Value,VCOSAI2OutputFreq_Value
ProjectManager.AskForMigrate=true
Mcu.Name=STM32L452R(C-E)Tx
PB2.PinState=GPIO_PIN_SET
Dma.SPI2_RX.1.PeriphInc=DMA_PINC_DISABLE
Dma.I2C1_RX.3.Instance=DMA2_Channel6
NVIC.SavedPendsvIrqHandlerGenerated=true
PA2.Signal=USART2_TX
PB2.Locked=true
Mcu.IP8=RCC
Mcu.IP9=SPI1
Mcu.IP6=I2C4
Mcu.IP7=NVIC
ProjectManager.CoupleFile=false
Dma.I2C3_RX.4.PeriphDataAlignment=DMA_PDATAALIGN_BYTE
NVIC.EXTI0_IRQn=true\:5\:0\:true\:false\:true\:true\:true\:true
RCC.SYSCLKFreq_VALUE=80000000
PA7.GPIO_Label=SPI1_MOSI
PA1.Locked=true
KeepUserPlacement=false
PC13.GPIO_ModeDefaultEXTI=GPIO_MODE_IT_FALLING
PC14-OSC32_IN\ (PC14).Signal=RCC_OSC32_IN
Dma.I2C4_RX.5.RequestParameters=Instance,Direction,PeriphInc,MemInc,PeriphDataAlignment,MemDataAlignment,Mode,Priority
PB7.Mode=I2C
PB2.GPIO_Label=nENP1B
Dma.SPI1_TX.0.Priority=DMA_PRIORITY_LOW
Dma.SPI1_TX.0.MemDataAlignment=DMA_MDATAALIGN_HALFWORD
NVIC.I2C2_EV_IRQn=true\:5\:0\:false\:false\:true\:true\:true\:true
RCC.HSI_VALUE=16000000
Dma.I2C1_RX.3.MemInc=DMA_MINC_ENABLE
Dma.USART2_RX.6.Priority=DMA_PRIORITY_LOW
PA5.GPIO_Speed=GPIO_SPEED_FREQ_HIGH
RCC.PLLN=10
PB7.Locked=true
PA2.Mode=Asynchronous
PC8.Locked=true
NVIC.DMA1_Channel7_IRQn=true\:5\:0\:false\:false\:true\:true\:false\:true
PC9.Signal=GPIO_Input
RCC.APB1Freq_Value=80000000
VP_CRC_VS_CRC.Mode=CRC_Activate
PB11.Locked=true
ProjectManager.DeviceId=STM32L452RETx
ProjectManager.LibraryCopy=1
I2C4.IPParameters=Timing,I2C_Speed_Mode
PA3.GPIO_Label=USART_RX
PA7.Signal=SPI1_MOSI
isbadioc=false
